
Microsoft Visual Studio Solution File, Format Version 12.00
# Visual Studio Version 16
VisualStudioVersion = 16.0.29306.81
MinimumVisualStudioVersion = 10.0.40219.1
Project("{FAE04EC0-301F-11D3-BF4B-00C04F79EFBC}") = "InventoryManager", "InventoryManager\InventoryManager.csproj", "{FEDBB31D-5A20-4BF4-BC7F-582A64183086}"
EndProject
Project("{2150E333-8FDC-42A3-9474-1A3956D46DE8}") = "SQL Scripts", "SQL Scripts", "{D7501AD9-F88D-4F45-A69C-ABDDFCE8B698}"
EndProject
Global
	GlobalSection(SolutionConfigurationPlatforms) = preSolution
		Debug|Any CPU = Debug|Any CPU
		Release|Any CPU = Release|Any CPU
	EndGlobalSection
	GlobalSection(ProjectConfigurationPlatforms) = postSolution
		{FEDBB31D-5A20-4BF4-BC7F-582A64183086}.Debug|Any CPU.ActiveCfg = Debug|Any CPU
		{FEDBB31D-5A20-4BF4-BC7F-582A64183086}.Debug|Any CPU.Build.0 = Debug|Any CPU
		{FEDBB31D-5A20-4BF4-BC7F-582A64183086}.Release|Any CPU.ActiveCfg = Release|Any CPU
		{FEDBB31D-5A20-4BF4-BC7F-582A64183086}.Release|Any CPU.Build.0 = Release|Any CPU
	EndGlobalSection
	GlobalSection(SolutionProperties) = preSolution
		HideSolutionNode = FALSE
	EndGlobalSection
	GlobalSection(ExtensibilityGlobals) = postSolution
		SolutionGuid = {DD638D95-596B-4DEA-BF00-697020EFFFB5}
	EndGlobalSection
EndGlobal
